
Microsoft Visual Studio Solution File, Format Version 12.00
# Visual Studio 2013
VisualStudioVersion = 12.0.40629.0
MinimumVisualStudioVersion = 10.0.40219.1
Project("{FAE04EC0-301F-11D3-BF4B-00C04F79EFBC}") = "COMP123_S2016_Lesson3", "lab2\COMP123_S2016_Lesson3.csproj", "{41EEEBE5-4268-4FBB-8F67-A13958089707}"
EndProject
Project("{FAE04EC0-301F-11D3-BF4B-00C04F79EFBC}") = "UnitTestForLab2", "UnitTestForPersonClass\UnitTestForLab2.csproj", "{9DBB9CF7-D1D3-413E-91F5-DB1617F92E76}"
EndProject
Global
	GlobalSection(SolutionConfigurationPlatforms) = preSolution
		Debug|Any CPU = Debug|Any CPU
		Release|Any CPU = Release|Any CPU
	EndGlobalSection
	GlobalSection(ProjectConfigurationPlatforms) = postSolution
		{41EEEBE5-4268-4FBB-8F67-A13958089707}.Debug|Any CPU.ActiveCfg = Debug|Any CPU
		{41EEEBE5-4268-4FBB-8F67-A13958089707}.Debug|Any CPU.Build.0 = Debug|Any CPU
		{41EEEBE5-4268-4FBB-8F67-A13958089707}.Release|Any CPU.ActiveCfg = Release|Any CPU
		{41EEEBE5-4268-4FBB-8F67-A13958089707}.Release|Any CPU.Build.0 = Release|Any CPU
		{9DBB9CF7-D1D3-413E-91F5-DB1617F92E76}.Debug|Any CPU.ActiveCfg = Debug|Any CPU
		{9DBB9CF7-D1D3-413E-91F5-DB1617F92E76}.Debug|Any CPU.Build.0 = Debug|Any CPU
		{9DBB9CF7-D1D3-413E-91F5-DB1617F92E76}.Release|Any CPU.ActiveCfg = Release|Any CPU
		{9DBB9CF7-D1D3-413E-91F5-DB1617F92E76}.Release|Any CPU.Build.0 = Release|Any CPU
	EndGlobalSection
	GlobalSection(SolutionProperties) = preSolution
		HideSolutionNode = FALSE
	EndGlobalSection
EndGlobal
